PODS:
  - plant-detect-sdk (1.0.0)

DEPENDENCIES:
  - "plant-detect-sdk (from `git@github.com:tespkg/plant-detect-sdk-ios.git`, tag `1.0.1`)"

EXTERNAL SOURCES:
  plant-detect-sdk:
    :git: "git@github.com:tespkg/plant-detect-sdk-ios.git"
    :tag: 1.0.1

CHECKOUT OPTIONS:
  plant-detect-sdk:
    :git: "git@github.com:tespkg/plant-detect-sdk-ios.git"
    :tag: 1.0.1

SPEC CHECKSUMS:
  plant-detect-sdk: 0da161fb3fefa4f0111f63f335fc5e64f37bb5f7

PODFILE CHECKSUM: 69bc22536db7c818f4aa0a3c8d821fe3f699b6ce

COCOAPODS: 1.16.2
