PODS:
  - plant-detect-sdk (1.0.6)

DEPENDENCIES:
  - plant-detect-sdk (from `../PlantDetect/ios/SDKOutput/`)

EXTERNAL SOURCES:
  plant-detect-sdk:
    :path: "../PlantDetect/ios/SDKOutput/"

SPEC CHECKSUMS:
  plant-detect-sdk: 08fcf3421dcc5485cdc926b32740e67ef5b2114e

PODFILE CHECKSUM: 8013eaee644af6135f2e2cfe451bf784a465b563

COCOAPODS: 1.16.2
